
Microsoft Visual Studio Solution File, Format Version 12.00
# Visual Studio 15
VisualStudioVersion = 15.0.28307.329
MinimumVisualStudioVersion = 10.0.40219.1
Project("{9A19103F-16F7-4668-BE54-9A1E7A4F7556}") = "BattleIA.Common", "BattleIA.Common\BattleIA.Common.csproj", "{239D08D6-63E4-4642-863B-7DE17390010E}"
EndProject
Project("{2150E333-8FDC-42A3-9474-1A3956D46DE8}") = "Solution Items", "Solution Items", "{7E243CC2-FD79-4C66-8603-8A81EA24FFBB}"
	ProjectSection(SolutionItems) = preProject
		Battle IA.pdf = Battle IA.pdf
		Battle IA.pptx = Battle IA.pptx
		notes.txt = notes.txt
	EndProjectSection
EndProject
Project("{9A19103F-16F7-4668-BE54-9A1E7A4F7556}") = "SampleBot", "SampleBot\SampleBot.csproj", "{F5E06D10-801A-4D3E-B99C-0127D4D3AA09}"
EndProject
Project("{9A19103F-16F7-4668-BE54-9A1E7A4F7556}") = "BattleIAserver", "BattleIAserver\BattleIAserver.csproj", "{8BED2773-3482-4EBC-AFE3-A0340E8E3183}"
EndProject
Global
	GlobalSection(SolutionConfigurationPlatforms) = preSolution
		Debug|Any CPU = Debug|Any CPU
		Release|Any CPU = Release|Any CPU
	EndGlobalSection
	GlobalSection(ProjectConfigurationPlatforms) = postSolution
		{1A876A41-DE95-4168-8D4A-C273A5710630}.Debug|Any CPU.ActiveCfg = Debug|Any CPU
		{1A876A41-DE95-4168-8D4A-C273A5710630}.Debug|Any CPU.Build.0 = Debug|Any CPU
		{1A876A41-DE95-4168-8D4A-C273A5710630}.Release|Any CPU.ActiveCfg = Release|Any CPU
		{1A876A41-DE95-4168-8D4A-C273A5710630}.Release|Any CPU.Build.0 = Release|Any CPU
		{239D08D6-63E4-4642-863B-7DE17390010E}.Debug|Any CPU.ActiveCfg = Debug|Any CPU
		{239D08D6-63E4-4642-863B-7DE17390010E}.Debug|Any CPU.Build.0 = Debug|Any CPU
		{239D08D6-63E4-4642-863B-7DE17390010E}.Release|Any CPU.ActiveCfg = Release|Any CPU
		{239D08D6-63E4-4642-863B-7DE17390010E}.Release|Any CPU.Build.0 = Release|Any CPU
		{F5E06D10-801A-4D3E-B99C-0127D4D3AA09}.Debug|Any CPU.ActiveCfg = Debug|Any CPU
		{F5E06D10-801A-4D3E-B99C-0127D4D3AA09}.Debug|Any CPU.Build.0 = Debug|Any CPU
		{F5E06D10-801A-4D3E-B99C-0127D4D3AA09}.Release|Any CPU.ActiveCfg = Release|Any CPU
		{F5E06D10-801A-4D3E-B99C-0127D4D3AA09}.Release|Any CPU.Build.0 = Release|Any CPU
		{8BED2773-3482-4EBC-AFE3-A0340E8E3183}.Debug|Any CPU.ActiveCfg = Debug|Any CPU
		{8BED2773-3482-4EBC-AFE3-A0340E8E3183}.Debug|Any CPU.Build.0 = Debug|Any CPU
		{8BED2773-3482-4EBC-AFE3-A0340E8E3183}.Release|Any CPU.ActiveCfg = Release|Any CPU
		{8BED2773-3482-4EBC-AFE3-A0340E8E3183}.Release|Any CPU.Build.0 = Release|Any CPU
	EndGlobalSection
	GlobalSection(SolutionProperties) = preSolution
		HideSolutionNode = FALSE
	EndGlobalSection
	GlobalSection(ExtensibilityGlobals) = postSolution
		SolutionGuid = {A234F895-D860-4F52-9135-42458B82A1BC}
	EndGlobalSection
EndGlobal
